
Microsoft Visual Studio Solution File, Format Version 12.00
# Visual Studio Version 17
VisualStudioVersion = 17.8.34601.278
MinimumVisualStudioVersion = 10.0.40219.1
Project("{FAE04EC0-301F-11D3-BF4B-00C04F79EFBC}") = "Pomodoro.Server", "Pomodoro.Server\Pomodoro.Server.csproj", "{55897842-C796-437A-9E25-63BF59018509}"
EndProject
Project("{54A90642-561A-4BB1-A94E-469ADEE60C69}") = "pomodoro.client", "pomodoro.client\pomodoro.client.esproj", "{DC148F88-8453-4C8A-B67C-D88FB6EA559F}"
EndProject
Global
	GlobalSection(SolutionConfigurationPlatforms) = preSolution
		Debug|Any CPU = Debug|Any CPU
		Release|Any CPU = Release|Any CPU
	EndGlobalSection
	GlobalSection(ProjectConfigurationPlatforms) = postSolution
		{55897842-C796-437A-9E25-63BF59018509}.Debug|Any CPU.ActiveCfg = Debug|Any CPU
		{55897842-C796-437A-9E25-63BF59018509}.Debug|Any CPU.Build.0 = Debug|Any CPU
		{55897842-C796-437A-9E25-63BF59018509}.Release|Any CPU.ActiveCfg = Release|Any CPU
		{55897842-C796-437A-9E25-63BF59018509}.Release|Any CPU.Build.0 = Release|Any CPU
		{DC148F88-8453-4C8A-B67C-D88FB6EA559F}.Debug|Any CPU.ActiveCfg = Debug|Any CPU
		{DC148F88-8453-4C8A-B67C-D88FB6EA559F}.Debug|Any CPU.Build.0 = Debug|Any CPU
		{DC148F88-8453-4C8A-B67C-D88FB6EA559F}.Debug|Any CPU.Deploy.0 = Debug|Any CPU
		{DC148F88-8453-4C8A-B67C-D88FB6EA559F}.Release|Any CPU.ActiveCfg = Release|Any CPU
		{DC148F88-8453-4C8A-B67C-D88FB6EA559F}.Release|Any CPU.Build.0 = Release|Any CPU
		{DC148F88-8453-4C8A-B67C-D88FB6EA559F}.Release|Any CPU.Deploy.0 = Release|Any CPU
	EndGlobalSection
	GlobalSection(SolutionProperties) = preSolution
		HideSolutionNode = FALSE
	EndGlobalSection
	GlobalSection(ExtensibilityGlobals) = postSolution
		SolutionGuid = {0B49338D-D076-4A22-986B-3D7B0FC02F35}
	EndGlobalSection
EndGlobal
